
Microsoft Visual Studio Solution File, Format Version 12.00
# Visual Studio Version 16
VisualStudioVersion = 16.0.33027.164
MinimumVisualStudioVersion = 10.0.40219.1
Project("{FAE04EC0-301F-11D3-BF4B-00C04F79EFBC}") = "Malinowsky_Car_Rental", "Malinowsky_Car_Rental\Malinowsky_Car_Rental.csproj", "{B9C7918B-6D71-41A8-89B6-25E777141BD1}"
EndProject
Global
	GlobalSection(SolutionConfigurationPlatforms) = preSolution
		Debug|Any CPU = Debug|Any CPU
		Release|Any CPU = Release|Any CPU
	EndGlobalSection
	GlobalSection(ProjectConfigurationPlatforms) = postSolution
		{B9C7918B-6D71-41A8-89B6-25E777141BD1}.Debug|Any CPU.ActiveCfg = Debug|Any CPU
		{B9C7918B-6D71-41A8-89B6-25E777141BD1}.Debug|Any CPU.Build.0 = Debug|Any CPU
		{B9C7918B-6D71-41A8-89B6-25E777141BD1}.Release|Any CPU.ActiveCfg = Release|Any CPU
		{B9C7918B-6D71-41A8-89B6-25E777141BD1}.Release|Any CPU.Build.0 = Release|Any CPU
	EndGlobalSection
	GlobalSection(SolutionProperties) = preSolution
		HideSolutionNode = FALSE
	EndGlobalSection
	GlobalSection(ExtensibilityGlobals) = postSolution
		SolutionGuid = {F39DD345-8C78-4566-A041-B672B75A7F03}
	EndGlobalSection
EndGlobal
